// !$*UTF8*$!
{
	archiveVersion = 1;
	classes = {
	};
	objectVersion = 50;
	objects = {

/* Begin PBXBuildFile section */
		42C71FB520D096B60067E935 /* MapViewController.swift in Sources */ = {isa = PBXBuildFile; fileRef = 42C71FB420D096B60067E935 /* MapViewController.swift */; };
		42D9A02920CF3CE800207738 /* AppDelegate.swift in Sources */ = {isa = PBXBuildFile; fileRef = 42D9A02820CF3CE800207738 /* AppDelegate.swift */; };
		42D9A02B20CF3CE800207738 /* ConversionViewController.swift in Sources */ = {isa = PBXBuildFile; fileRef = 42D9A02A20CF3CE800207738 /* ConversionViewController.swift */; };
		42D9A02E20CF3CE800207738 /* Main.storyboard in Resources */ = {isa = PBXBuildFile; fileRef = 42D9A02C20CF3CE800207738 /* Main.storyboard */; };
		42D9A03020CF3CE900207738 /* Assets.xcassets in Resources */ = {isa = PBXBuildFile; fileRef = 42D9A02F20CF3CE900207738 /* Assets.xcassets */; };
		42D9A03320CF3CE900207738 /* LaunchScreen.storyboard in Resources */ = {isa = PBXBuildFile; fileRef = 42D9A03120CF3CE900207738 /* LaunchScreen.storyboard */; };
		42D9A03E20CF3CE900207738 /* WorldTrotterTests.swift in Sources */ = {isa = PBXBuildFile; fileRef = 42D9A03D20CF3CE900207738 /* WorldTrotterTests.swift */; };
		42D9A04920CF3CE900207738 /* WorldTrotterUITests.swift in Sources */ = {isa = PBXBuildFile; fileRef = 42D9A04820CF3CE900207738 /* WorldTrotterUITests.swift */; };
/* End PBXBuildFile section */

/* Begin PBXContainerItemProxy section */
		42D9A03A20CF3CE900207738 /* PBXContainerItemProxy */ = {
			isa = PBXContainerItemProxy;
			containerPortal = 42D9A01D20CF3CE800207738 /* Project object */;
			proxyType = 1;
			remoteGlobalIDString = 42D9A02420CF3CE800207738;
			remoteInfo = WorldTrotter;
		};
		42D9A04520CF3CE900207738 /* PBXContainerItemProxy */ = {
			isa = PBXContainerItemProxy;
			containerPortal = 42D9A01D20CF3CE800207738 /* Project object */;
			proxyType = 1;
			remoteGlobalIDString = 42D9A02420CF3CE800207738;
			remoteInfo = WorldTrotter;
		};
/* End PBXContainerItemProxy section */

/* Begin PBXFileReference section */
		42C71FB420D096B60067E935 /* MapViewController.swift */ = {isa = PBXFileReference; lastKnownFileType = sourcecode.swift; path = MapViewController.swift; sourceTree = "<group>"; };
		42D9A02520CF3CE800207738 /* WorldTrotter.app */ = {isa = PBXFileReference; explicitFileType = wrapper.application; includeInIndex = 0; path = WorldTrotter.app; sourceTree = BUILT_PRODUCTS_DIR; };
		42D9A02820CF3CE800207738 /* AppDelegate.swift */ = {isa = PBXFileReference; lastKnownFileType = sourcecode.swift; path = AppDelegate.swift; sourceTree = "<group>"; };
		42D9A02A20CF3CE800207738 /* ConversionViewController.swift */ = {isa = PBXFileReference; lastKnownFileType = sourcecode.swift; path = ConversionViewController.swift; sourceTree = "<group>"; };
		42D9A02D20CF3CE800207738 /* Base */ = {isa = PBXFileReference; lastKnownFileType = file.storyboard; name = Base; path = Base.lproj/Main.storyboard; sourceTree = "<group>"; };
		42D9A02F20CF3CE900207738 /* Assets.xcassets */ = {isa = PBXFileReference; lastKnownFileType = folder.assetcatalog; path = Assets.xcassets; sourceTree = "<group>"; };
		42D9A03220CF3CE900207738 /* Base */ = {isa = PBXFileReference; lastKnownFileType = file.storyboard; name = Base; path = Base.lproj/LaunchScreen.storyboard; sourceTree = "<group>"; };
		42D9A03420CF3CE900207738 /* Info.plist */ = {isa = PBXFileReference; lastKnownFileType = text.plist.xml; path = Info.plist; sourceTree = "<group>"; };
		42D9A03920CF3CE900207738 /* WorldTrotterTests.xctest */ = {isa = PBXFileReference; explicitFileType = wrapper.cfbundle; includeInIndex = 0; path = WorldTrotterTests.xctest; sourceTree = BUILT_PRODUCTS_DIR; };
		42D9A03D20CF3CE900207738 /* WorldTrotterTests.swift */ = {isa = PBXFileReference; lastKnownFileType = sourcecode.swift; path = WorldTrotterTests.swift; sourceTree = "<group>"; };
		42D9A03F20CF3CE900207738 /* Info.plist */ = {isa = PBXFileReference; lastKnownFileType = text.plist.xml; path = Info.plist; sourceTree = "<group>"; };
		42D9A04420CF3CE900207738 /* WorldTrotterUITests.xctest */ = {isa = PBXFileReference; explicitFileType = wrapper.cfbundle; includeInIndex = 0; path = WorldTrotterUITests.xctest; sourceTree = BUILT_PRODUCTS_DIR; };
		42D9A04820CF3CE900207738 /* WorldTrotterUITests.swift */ = {isa = PBXFileReference; lastKnownFileType = sourcecode.swift; path = WorldTrotterUITests.swift; sourceTree = "<group>"; };
		42D9A04A20CF3CE900207738 /* Info.plist */ = {isa = PBXFileReference; lastKnownFileType = text.plist.xml; path = Info.plist; sourceTree = "<group>"; };
/* End PBXFileReference section */

/* Begin PBXFrameworksBuildPhase section */
		42D9A02220CF3CE800207738 /* Frameworks */ = {
			isa = PBXFrameworksBuildPhase;
			buildActionMask = 2147483647;
			files = (
			);
			runOnlyForDeploymentPostprocessing = 0;
		};
		42D9A03620CF3CE900207738 /* Frameworks */ = {
			isa = PBXFrameworksBuildPhase;
			buildActionMask = 2147483647;
			files = (
			);
			runOnlyForDeploymentPostprocessing = 0;
		};
		42D9A04120CF3CE900207738 /* Frameworks */ = {
			isa = PBXFrameworksBuildPhase;
			buildActionMask = 2147483647;
			files = (
			);
			runOnlyForDeploymentPostprocessing = 0;
		};
/* End PBXFrameworksBuildPhase section */

/* Begin PBXGroup section */
		42D9A01C20CF3CE800207738 = {
			isa = PBXGroup;
			children = (
				42D9A02720CF3CE800207738 /* WorldTrotter */,
				42D9A03C20CF3CE900207738 /* WorldTrotterTests */,
				42D9A04720CF3CE900207738 /* WorldTrotterUITests */,
				42D9A02620CF3CE800207738 /* Products */,
			);
			sourceTree = "<group>";
		};
		42D9A02620CF3CE800207738 /* Products */ = {
			isa = PBXGroup;
			children = (
				42D9A02520CF3CE800207738 /* WorldTrotter.app */,
				42D9A03920CF3CE900207738 /* WorldTrotterTests.xctest */,
				42D9A04420CF3CE900207738 /* WorldTrotterUITests.xctest */,
			);
			name = Products;
			sourceTree = "<group>";
		};
		42D9A02720CF3CE800207738 /* WorldTrotter */ = {
			isa = PBXGroup;
			children = (
				42D9A02820CF3CE800207738 /* AppDelegate.swift */,
				42D9A02A20CF3CE800207738 /* ConversionViewController.swift */,
				42D9A02C20CF3CE800207738 /* Main.storyboard */,
				42C71FB420D096B60067E935 /* MapViewController.swift */,
				42D9A02F20CF3CE900207738 /* Assets.xcassets */,
				42D9A03120CF3CE900207738 /* LaunchScreen.storyboard */,
				42D9A03420CF3CE900207738 /* Info.plist */,
			);
			path = WorldTrotter;
			sourceTree = "<group>";
		};
		42D9A03C20CF3CE900207738 /* WorldTrotterTests */ = {
			isa = PBXGroup;
			children = (
				42D9A03D20CF3CE900207738 /* WorldTrotterTests.swift */,
				42D9A03F20CF3CE900207738 /* Info.plist */,
			);
			path = WorldTrotterTests;
			sourceTree = "<group>";
		};
		42D9A04720CF3CE900207738 /* WorldTrotterUITests */ = {
			isa = PBXGroup;
			children = (
				42D9A04820CF3CE900207738 /* WorldTrotterUITests.swift */,
				42D9A04A20CF3CE900207738 /* Info.plist */,
			);
			path = WorldTrotterUITests;
			sourceTree = "<group>";
		};
/* End PBXGroup section */

/* Begin PBXNativeTarget section */
		42D9A02420CF3CE800207738 /* WorldTrotter */ = {
			isa = PBXNativeTarget;
			buildConfigurationList = 42D9A04D20CF3CE900207738 /* Build configuration list for PBXNativeTarget "WorldTrotter" */;
			buildPhases = (
				42D9A02120CF3CE800207738 /* Sources */,
				42D9A02220CF3CE800207738 /* Frameworks */,
				42D9A02320CF3CE800207738 /* Resources */,
			);
			buildRules = (
			);
			dependencies = (
			);
			name = WorldTrotter;
			productName = WorldTrotter;
			productReference = 42D9A02520CF3CE800207738 /* WorldTrotter.app */;
			productType = "com.apple.product-type.application";
		};
		42D9A03820CF3CE900207738 /* WorldTrotterTests */ = {
			isa = PBXNativeTarget;
			buildConfigurationList = 42D9A05020CF3CE900207738 /* Build configuration list for PBXNativeTarget "WorldTrotterTests" */;
			buildPhases = (
				42D9A03520CF3CE900207738 /* Sources */,
				42D9A03620CF3CE900207738 /* Frameworks */,
				42D9A03720CF3CE900207738 /* Resources */,
			);
			buildRules = (
			);
			dependencies = (
				42D9A03B20CF3CE900207738 /* PBXTargetDependency */,
			);
			name = WorldTrotterTests;
			productName = WorldTrotterTests;
			productReference = 42D9A03920CF3CE900207738 /* WorldTrotterTests.xctest */;
			productType = "com.apple.product-type.bundle.unit-test";
		};
		42D9A04320CF3CE900207738 /* WorldTrotterUITests */ = {
			isa = PBXNativeTarget;
			buildConfigurationList = 42D9A05320CF3CE900207738 /* Build configuration list for PBXNativeTarget "WorldTrotterUITests" */;
			buildPhases = (
				42D9A04020CF3CE900207738 /* Sources */,
				42D9A04120CF3CE900207738 /* Frameworks */,
				42D9A04220CF3CE900207738 /* Resources */,
			);
			buildRules = (
			);
			dependencies = (
				42D9A04620CF3CE900207738 /* PBXTargetDependency */,
			);
			name = WorldTrotterUITests;
			productName = WorldTrotterUITests;
			productReference = 42D9A04420CF3CE900207738 /* WorldTrotterUITests.xctest */;
			productType = "com.apple.product-type.bundle.ui-testing";
		};
/* End PBXNativeTarget section */

/* Begin PBXProject section */
		42D9A01D20CF3CE800207738 /* Project object */ = {
			isa = PBXProject;
			attributes = {
				LastSwiftUpdateCheck = 0930;
				LastUpgradeCheck = 0930;
				ORGANIZATIONNAME = "Eric Liu";
				TargetAttributes = {
					42D9A02420CF3CE800207738 = {
						CreatedOnToolsVersion = 9.3;
					};
					42D9A03820CF3CE900207738 = {
						CreatedOnToolsVersion = 9.3;
						TestTargetID = 42D9A02420CF3CE800207738;
					};
					42D9A04320CF3CE900207738 = {
						CreatedOnToolsVersion = 9.3;
						TestTargetID = 42D9A02420CF3CE800207738;
					};
				};
			};
			buildConfigurationList = 42D9A02020CF3CE800207738 /* Build configuration list for PBXProject "WorldTrotter" */;
			compatibilityVersion = "Xcode 9.3";
			developmentRegion = en;
			hasScannedForEncodings = 0;
			knownRegions = (
				en,
				Base,
			);
			mainGroup = 42D9A01C20CF3CE800207738;
			productRefGroup = 42D9A02620CF3CE800207738 /* Products */;
			projectDirPath = "";
			projectRoot = "";
			targets = (
				42D9A02420CF3CE800207738 /* WorldTrotter */,
				42D9A03820CF3CE900207738 /* WorldTrotterTests */,
				42D9A04320CF3CE900207738 /* WorldTrotterUITests */,
			);
		};
/* End PBXProject section */

/* Begin PBXResourcesBuildPhase section */
		42D9A02320CF3CE800207738 /* Resources */ = {
			isa = PBXResourcesBuildPhase;
			buildActionMask = 2147483647;
			files = (
				42D9A03320CF3CE900207738 /* LaunchScreen.storyboard in Resources */,
				42D9A03020CF3CE900207738 /* Assets.xcassets in Resources */,
				42D9A02E20CF3CE800207738 /* Main.storyboard in Resources */,
			);
			runOnlyForDeploymentPostprocessing = 0;
		};
		42D9A03720CF3CE900207738 /* Resources */ = {
			isa = PBXResourcesBuildPhase;
			buildActionMask = 2147483647;
			files = (
			);
			runOnlyForDeploymentPostprocessing = 0;
		};
		42D9A04220CF3CE900207738 /* Resources */ = {
			isa = PBXResourcesBuildPhase;
			buildActionMask = 2147483647;
			files = (
			);
			runOnlyForDeploymentPostprocessing = 0;
		};
/* End PBXResourcesBuildPhase section */

/* Begin PBXSourcesBuildPhase section */
		42D9A02120CF3CE800207738 /* Sources */ = {
			isa = PBXSourcesBuildPhase;
			buildActionMask = 2147483647;
			files = (
				42D9A02B20CF3CE800207738 /* ConversionViewController.swift in Sources */,
				42C71FB520D096B60067E935 /* MapViewController.swift in Sources */,
				42D9A02920CF3CE800207738 /* AppDelegate.swift in Sources */,
			);
			runOnlyForDeploymentPostprocessing = 0;
		};
		42D9A03520CF3CE900207738 /* Sources */ = {
			isa = PBXSourcesBuildPhase;
			buildActionMask = 2147483647;
			files = (
				42D9A03E20CF3CE900207738 /* WorldTrotterTests.swift in Sources */,
			);
			runOnlyForDeploymentPostprocessing = 0;
		};
		42D9A04020CF3CE900207738 /* Sources */ = {
			isa = PBXSourcesBuildPhase;
			buildActionMask = 2147483647;
			files = (
				42D9A04920CF3CE900207738 /* WorldTrotterUITests.swift in Sources */,
			);
			runOnlyForDeploymentPostprocessing = 0;
		};
/* End PBXSourcesBuildPhase section */

/* Begin PBXTargetDependency section */
		42D9A03B20CF3CE900207738 /* PBXTargetDependency */ = {
			isa = PBXTargetDependency;
			target = 42D9A02420CF3CE800207738 /* WorldTrotter */;
			targetProxy = 42D9A03A20CF3CE900207738 /* PBXContainerItemProxy */;
		};
		42D9A04620CF3CE900207738 /* PBXTargetDependency */ = {
			isa = PBXTargetDependency;
			target = 42D9A02420CF3CE800207738 /* WorldTrotter */;
			targetProxy = 42D9A04520CF3CE900207738 /* PBXContainerItemProxy */;
		};
/* End PBXTargetDependency section */

/* Begin PBXVariantGroup section */
		42D9A02C20CF3CE800207738 /* Main.storyboard */ = {
			isa = PBXVariantGroup;
			children = (
				42D9A02D20CF3CE800207738 /* Base */,
			);
			name = Main.storyboard;
			sourceTree = "<group>";
		};
		42D9A03120CF3CE900207738 /* LaunchScreen.storyboard */ = {
			isa = PBXVariantGroup;
			children = (
				42D9A03220CF3CE900207738 /* Base */,
			);
			name = LaunchScreen.storyboard;
			sourceTree = "<group>";
		};
/* End PBXVariantGroup section */

/* Begin XCBuildConfiguration section */
		42D9A04B20CF3CE900207738 /* Debug */ = {
			isa = XCBuildConfiguration;
			buildSettings = {
				ALWAYS_SEARCH_USER_PATHS = NO;
				CLANG_ANALYZER_NONNULL = YES;
				CLANG_ANALYZER_NUMBER_OBJECT_CONVERSION = YES_AGGRESSIVE;
				CLANG_CXX_LANGUAGE_STANDARD = "gnu++14";
				CLANG_CXX_LIBRARY = "libc++";
				CLANG_ENABLE_MODULES = YES;
				CLANG_ENABLE_OBJC_ARC = YES;
				CLANG_ENABLE_OBJC_WEAK = YES;
				CLANG_WARN_BLOCK_CAPTURE_AUTORELEASING = YES;
				CLANG_WARN_BOOL_CONVERSION = YES;
				CLANG_WARN_COMMA = YES;
				CLANG_WARN_CONSTANT_CONVERSION = YES;
				CLANG_WARN_DEPRECATED_OBJC_IMPLEMENTATIONS = YES;
				CLANG_WARN_DIRECT_OBJC_ISA_USAGE = YES_ERROR;
				CLANG_WARN_DOCUMENTATION_COMMENTS = YES;
				CLANG_WARN_EMPTY_BODY = YES;
				CLANG_WARN_ENUM_CONVERSION = YES;
				CLANG_WARN_INFINITE_RECURSION = YES;
				CLANG_WARN_INT_CONVERSION = YES;
				CLANG_WARN_NON_LITERAL_NULL_CONVERSION = YES;
				CLANG_WARN_OBJC_IMPLICIT_RETAIN_SELF = YES;
				CLANG_WARN_OBJC_LITERAL_CONVERSION = YES;
				CLANG_WARN_OBJC_ROOT_CLASS = YES_ERROR;
				CLANG_WARN_RANGE_LOOP_ANALYSIS = YES;
				CLANG_WARN_STRICT_PROTOTYPES = YES;
				CLANG_WARN_SUSPICIOUS_MOVE = YES;
				CLANG_WARN_UNGUARDED_AVAILABILITY = YES_AGGRESSIVE;
				CLANG_WARN_UNREACHABLE_CODE = YES;
				CLANG_WARN__DUPLICATE_METHOD_MATCH = YES;
				CODE_SIGN_IDENTITY = "iPhone Developer";
				COPY_PHASE_STRIP = NO;
				DEBUG_INFORMATION_FORMAT = dwarf;
				ENABLE_STRICT_OBJC_MSGSEND = YES;
				ENABLE_TESTABILITY = YES;
				GCC_C_LANGUAGE_STANDARD = gnu11;
				GCC_DYNAMIC_NO_PIC = NO;
				GCC_NO_COMMON_BLOCKS = YES;
				GCC_OPTIMIZATION_LEVEL = 0;
				GCC_PREPROCESSOR_DEFINITIONS = (
					"DEBUG=1",
					"$(inherited)",
				);
				GCC_WARN_64_TO_32_BIT_CONVERSION = YES;
				GCC_WARN_ABOUT_RETURN_TYPE = YES_ERROR;
				GCC_WARN_UNDECLARED_SELECTOR = YES;
				GCC_WARN_UNINITIALIZED_AUTOS = YES_AGGRESSIVE;
				GCC_WARN_UNUSED_FUNCTION = YES;
				GCC_WARN_UNUSED_VARIABLE = YES;
				IPHONEOS_DEPLOYMENT_TARGET = 11.3;
				MTL_ENABLE_DEBUG_INFO = YES;
				ONLY_ACTIVE_ARCH = YES;
				SDKROOT = iphoneos;
				SWIFT_ACTIVE_COMPILATION_CONDITIONS = DEBUG;
				SWIFT_OPTIMIZATION_LEVEL = "-Onone";
			};
			name = Debug;
		};
		42D9A04C20CF3CE900207738 /* Release */ = {
			isa = XCBuildConfiguration;
			buildSettings = {
				ALWAYS_SEARCH_USER_PATHS = NO;
				CLANG_ANALYZER_NONNULL = YES;
				CLANG_ANALYZER_NUMBER_OBJECT_CONVERSION = YES_AGGRESSIVE;
				CLANG_CXX_LANGUAGE_STANDARD = "gnu++14";
				CLANG_CXX_LIBRARY = "libc++";
				CLANG_ENABLE_MODULES = YES;
				CLANG_ENABLE_OBJC_ARC = YES;
				CLANG_ENABLE_OBJC_WEAK = YES;
				CLANG_WARN_BLOCK_CAPTURE_AUTORELEASING = YES;
				CLANG_WARN_BOOL_CONVERSION = YES;
				CLANG_WARN_COMMA = YES;
				CLANG_WARN_CONSTANT_CONVERSION = YES;
				CLANG_WARN_DEPRECATED_OBJC_IMPLEMENTATIONS = YES;
				CLANG_WARN_DIRECT_OBJC_ISA_USAGE = YES_ERROR;
				CLANG_WARN_DOCUMENTATION_COMMENTS = YES;
				CLANG_WARN_EMPTY_BODY = YES;
				CLANG_WARN_ENUM_CONVERSION = YES;
				CLANG_WARN_INFINITE_RECURSION = YES;
				CLANG_WARN_INT_CONVERSION = YES;
				CLANG_WARN_NON_LITERAL_NULL_CONVERSION = YES;
				CLANG_WARN_OBJC_IMPLICIT_RETAIN_SELF = YES;
				CLANG_WARN_OBJC_LITERAL_CONVERSION = YES;
				CLANG_WARN_OBJC_ROOT_CLASS = YES_ERROR;
				CLANG_WARN_RANGE_LOOP_ANALYSIS = YES;
				CLANG_WARN_STRICT_PROTOTYPES = YES;
				CLANG_WARN_SUSPICIOUS_MOVE = YES;
				CLANG_WARN_UNGUARDED_AVAILABILITY = YES_AGGRESSIVE;
				CLANG_WARN_UNREACHABLE_CODE = YES;
				CLANG_WARN__DUPLICATE_METHOD_MATCH = YES;
				CODE_SIGN_IDENTITY = "iPhone Developer";
				COPY_PHASE_STRIP = NO;
				DEBUG_INFORMATION_FORMAT = "dwarf-with-dsym";
				ENABLE_NS_ASSERTIONS = NO;
				ENABLE_STRICT_OBJC_MSGSEND = YES;
				GCC_C_LANGUAGE_STANDARD = gnu11;
				GCC_NO_COMMON_BLOCKS = YES;
				GCC_WARN_64_TO_32_BIT_CONVERSION = YES;
				GCC_WARN_ABOUT_RETURN_TYPE = YES_ERROR;
				GCC_WARN_UNDECLARED_SELECTOR = YES;
				GCC_WARN_UNINITIALIZED_AUTOS = YES_AGGRESSIVE;
				GCC_WARN_UNUSED_FUNCTION = YES;
				GCC_WARN_UNUSED_VARIABLE = YES;
				IPHONEOS_DEPLOYMENT_TARGET = 11.3;
				MTL_ENABLE_DEBUG_INFO = NO;
				SDKROOT = iphoneos;
				SWIFT_COMPILATION_MODE = wholemodule;
				SWIFT_OPTIMIZATION_LEVEL = "-O";
				VALIDATE_PRODUCT = YES;
			};
			name = Release;
		};
		42D9A04E20CF3CE900207738 /* Debug */ = {
			isa = XCBuildConfiguration;
			buildSettings = {
				ASSETCATALOG_COMPILER_APPICON_NAME = AppIcon;
				CODE_SIGN_STYLE = Automatic;
				INFOPLIST_FILE = WorldTrotter/Info.plist;
				LD_RUNPATH_SEARCH_PATHS = (
					"$(inherited)",
					"@executable_path/Frameworks",
				);
				PRODUCT_BUNDLE_IDENTIFIER = com.ericliu.WorldTrotter;
				PRODUCT_NAME = "$(TARGET_NAME)";
				SWIFT_VERSION = 4.0;
				TARGETED_DEVICE_FAMILY = "1,2";
			};
			name = Debug;
		};
		42D9A04F20CF3CE900207738 /* Release */ = {
			isa = XCBuildConfiguration;
			buildSettings = {
				ASSETCATALOG_COMPILER_APPICON_NAME = AppIcon;
				CODE_SIGN_STYLE = Automatic;
				INFOPLIST_FILE = WorldTrotter/Info.plist;
				LD_RUNPATH_SEARCH_PATHS = (
					"$(inherited)",
					"@executable_path/Frameworks",
				);
				PRODUCT_BUNDLE_IDENTIFIER = com.ericliu.WorldTrotter;
				PRODUCT_NAME = "$(TARGET_NAME)";
				SWIFT_VERSION = 4.0;
				TARGETED_DEVICE_FAMILY = "1,2";
			};
			name = Release;
		};
		42D9A05120CF3CE900207738 /* Debug */ = {
			isa = XCBuildConfiguration;
			buildSettings = {
				ALWAYS_EMBED_SWIFT_STANDARD_LIBRARIES = YES;
				BUNDLE_LOADER = "$(TEST_HOST)";
				CODE_SIGN_STYLE = Automatic;
				INFOPLIST_FILE = WorldTrotterTests/Info.plist;
				LD_RUNPATH_SEARCH_PATHS = (
					"$(inherited)",
					"@executable_path/Frameworks",
					"@loader_path/Frameworks",
				);
				PRODUCT_BUNDLE_IDENTIFIER = com.ericliu.WorldTrotterTests;
				PRODUCT_NAME = "$(TARGET_NAME)";
				SWIFT_VERSION = 4.0;
				TARGETED_DEVICE_FAMILY = "1,2";
				TEST_HOST = "$(BUILT_PRODUCTS_DIR)/WorldTrotter.app/WorldTrotter";
			};
			name = Debug;
		};
		42D9A05220CF3CE900207738 /* Release */ = {
			isa = XCBuildConfiguration;
			buildSettings = {
				ALWAYS_EMBED_SWIFT_STANDARD_LIBRARIES = YES;
				BUNDLE_LOADER = "$(TEST_HOST)";
				CODE_SIGN_STYLE = Automatic;
				INFOPLIST_FILE = WorldTrotterTests/Info.plist;
				LD_RUNPATH_SEARCH_PATHS = (
					"$(inherited)",
					"@executable_path/Frameworks",
					"@loader_path/Frameworks",
				);
				PRODUCT_BUNDLE_IDENTIFIER = com.ericliu.WorldTrotterTests;
				PRODUCT_NAME = "$(TARGET_NAME)";
				SWIFT_VERSION = 4.0;
				TARGETED_DEVICE_FAMILY = "1,2";
				TEST_HOST = "$(BUILT_PRODUCTS_DIR)/WorldTrotter.app/WorldTrotter";
			};
			name = Release;
		};
		42D9A05420CF3CE900207738 /* Debug */ = {
			isa = XCBuildConfiguration;
			buildSettings = {
				ALWAYS_EMBED_SWIFT_STANDARD_LIBRARIES = YES;
				CODE_SIGN_STYLE = Automatic;
				INFOPLIST_FILE = WorldTrotterUITests/Info.plist;
				LD_RUNPATH_SEARCH_PATHS = (
					"$(inherited)",
					"@executable_path/Frameworks",
					"@loader_path/Frameworks",
				);
				PRODUCT_BUNDLE_IDENTIFIER = com.ericliu.WorldTrotterUITests;
				PRODUCT_NAME = "$(TARGET_NAME)";
				SWIFT_VERSION = 4.0;
				TARGETED_DEVICE_FAMILY = "1,2";
				TEST_TARGET_NAME = WorldTrotter;
			};
			name = Debug;
		};
		42D9A05520CF3CE900207738 /* Release */ = {
			isa = XCBuildConfiguration;
			buildSettings = {
				ALWAYS_EMBED_SWIFT_STANDARD_LIBRARIES = YES;
				CODE_SIGN_STYLE = Automatic;
				INFOPLIST_FILE = WorldTrotterUITests/Info.plist;
				LD_RUNPATH_SEARCH_PATHS = (
					"$(inherited)",
					"@executable_path/Frameworks",
					"@loader_path/Frameworks",
				);
				PRODUCT_BUNDLE_IDENTIFIER = com.ericliu.WorldTrotterUITests;
				PRODUCT_NAME = "$(TARGET_NAME)";
				SWIFT_VERSION = 4.0;
				TARGETED_DEVICE_FAMILY = "1,2";
				TEST_TARGET_NAME = WorldTrotter;
			};
			name = Release;
		};
/* End XCBuildConfiguration section */

/* Begin XCConfigurationList section */
		42D9A02020CF3CE800207738 /* Build configuration list for PBXProject "WorldTrotter" */ = {
			isa = XCConfigurationList;
			buildConfigurations = (
				42D9A04B20CF3CE900207738 /* Debug */,
				42D9A04C20CF3CE900207738 /* Release */,
			);
			defaultConfigurationIsVisible = 0;
			defaultConfigurationName = Release;
		};
		42D9A04D20CF3CE900207738 /* Build configuration list for PBXNativeTarget "WorldTrotter" */ = {
			isa = XCConfigurationList;
			buildConfigurations = (
				42D9A04E20CF3CE900207738 /* Debug */,
				42D9A04F20CF3CE900207738 /* Release */,
			);
			defaultConfigurationIsVisible = 0;
			defaultConfigurationName = Release;
		};
		42D9A05020CF3CE900207738 /* Build configuration list for PBXNativeTarget "WorldTrotterTests" */ = {
			isa = XCConfigurationList;
			buildConfigurations = (
				42D9A05120CF3CE900207738 /* Debug */,
				42D9A05220CF3CE900207738 /* Release */,
			);
			defaultConfigurationIsVisible = 0;
			defaultConfigurationName = Release;
		};
		42D9A05320CF3CE900207738 /* Build configuration list for PBXNativeTarget "WorldTrotterUITests" */ = {
			isa = XCConfigurationList;
			buildConfigurations = (
				42D9A05420CF3CE900207738 /* Debug */,
				42D9A05520CF3CE900207738 /* Release */,
			);
			defaultConfigurationIsVisible = 0;
			defaultConfigurationName = Release;
		};
/* End XCConfigurationList section */
	};
	rootObject = 42D9A01D20CF3CE800207738 /* Project object */;
}
